// !$*UTF8*$!
{
	archiveVersion = 1;
	classes = {
	};
	objectVersion = 55;
	objects = {

/* Begin PBXBuildFile section */
		7F3D378F278DD9AC0060C860 /* Tests_iOS.swift in Sources */ = {isa = PBXBuildFile; fileRef = 7F3D378E278DD9AC0060C860 /* Tests_iOS.swift */; };
		7F3D3791278DD9AC0060C860 /* Tests_iOSLaunchTests.swift in Sources */ = {isa = PBXBuildFile; fileRef = 7F3D3790278DD9AC0060C860 /* Tests_iOSLaunchTests.swift */; };
		7F3D379B278DD9AC0060C860 /* Tests_macOS.swift in Sources */ = {isa = PBXBuildFile; fileRef = 7F3D379A278DD9AC0060C860 /* Tests_macOS.swift */; };
		7F3D379D278DD9AC0060C860 /* Tests_macOSLaunchTests.swift in Sources */ = {isa = PBXBuildFile; fileRef = 7F3D379C278DD9AC0060C860 /* Tests_macOSLaunchTests.swift */; };
		7F3D379E278DD9AC0060C860 /* Score_KeeperApp.swift in Sources */ = {isa = PBXBuildFile; fileRef = 7F3D3776278DD9AB0060C860 /* Score_KeeperApp.swift */; };
		7F3D379F278DD9AC0060C860 /* Score_KeeperApp.swift in Sources */ = {isa = PBXBuildFile; fileRef = 7F3D3776278DD9AB0060C860 /* Score_KeeperApp.swift */; };
		7F3D37A0278DD9AC0060C860 /* ContentView.swift in Sources */ = {isa = PBXBuildFile; fileRef = 7F3D3777278DD9AB0060C860 /* ContentView.swift */; };
		7F3D37A1278DD9AC0060C860 /* ContentView.swift in Sources */ = {isa = PBXBuildFile; fileRef = 7F3D3777278DD9AB0060C860 /* ContentView.swift */; };
		7F3D37A2278DD9AC0060C860 /* Assets.xcassets in Resources */ = {isa = PBXBuildFile; fileRef = 7F3D3778278DD9AC0060C860 /* Assets.xcassets */; };
		7F3D37A3278DD9AC0060C860 /* Assets.xcassets in Resources */ = {isa = PBXBuildFile; fileRef = 7F3D3778278DD9AC0060C860 /* Assets.xcassets */; };
/* End PBXBuildFile section */

/* Begin PBXContainerItemProxy section */
		7F3D378B278DD9AC0060C860 /* PBXContainerItemProxy */ = {
			isa = PBXContainerItemProxy;
			containerPortal = 7F3D3771278DD9AA0060C860 /* Project object */;
			proxyType = 1;
			remoteGlobalIDString = 7F3D377C278DD9AC0060C860;
			remoteInfo = "Score Keeper (iOS)";
		};
		7F3D3797278DD9AC0060C860 /* PBXContainerItemProxy */ = {
			isa = PBXContainerItemProxy;
			containerPortal = 7F3D3771278DD9AA0060C860 /* Project object */;
			proxyType = 1;
			remoteGlobalIDString = 7F3D3782278DD9AC0060C860;
			remoteInfo = "Score Keeper (macOS)";
		};
/* End PBXContainerItemProxy section */

/* Begin PBXFileReference section */
		7F3D3776278DD9AB0060C860 /* Score_KeeperApp.swift */ = {isa = PBXFileReference; lastKnownFileType = sourcecode.swift; path = Score_KeeperApp.swift; sourceTree = "<group>"; };
		7F3D3777278DD9AB0060C860 /* ContentView.swift */ = {isa = PBXFileReference; lastKnownFileType = sourcecode.swift; path = ContentView.swift; sourceTree = "<group>"; };
		7F3D3778278DD9AC0060C860 /* Assets.xcassets */ = {isa = PBXFileReference; lastKnownFileType = folder.assetcatalog; path = Assets.xcassets; sourceTree = "<group>"; };
		7F3D377D278DD9AC0060C860 /* Score Keeper.app */ = {isa = PBXFileReference; explicitFileType = wrapper.application; includeInIndex = 0; path = "Score Keeper.app"; sourceTree = BUILT_PRODUCTS_DIR; };
		7F3D3783278DD9AC0060C860 /* Score Keeper.app */ = {isa = PBXFileReference; explicitFileType = wrapper.application; includeInIndex = 0; path = "Score Keeper.app"; sourceTree = BUILT_PRODUCTS_DIR; };
		7F3D3785278DD9AC0060C860 /* macOS.entitlements */ = {isa = PBXFileReference; lastKnownFileType = text.plist.entitlements; path = macOS.entitlements; sourceTree = "<group>"; };
		7F3D378A278DD9AC0060C860 /* Tests iOS.xctest */ = {isa = PBXFileReference; explicitFileType = wrapper.cfbundle; includeInIndex = 0; path = "Tests iOS.xctest"; sourceTree = BUILT_PRODUCTS_DIR; };
		7F3D378E278DD9AC0060C860 /* Tests_iOS.swift */ = {isa = PBXFileReference; lastKnownFileType = sourcecode.swift; path = Tests_iOS.swift; sourceTree = "<group>"; };
		7F3D3790278DD9AC0060C860 /* Tests_iOSLaunchTests.swift */ = {isa = PBXFileReference; lastKnownFileType = sourcecode.swift; path = Tests_iOSLaunchTests.swift; sourceTree = "<group>"; };
		7F3D3796278DD9AC0060C860 /* Tests macOS.xctest */ = {isa = PBXFileReference; explicitFileType = wrapper.cfbundle; includeInIndex = 0; path = "Tests macOS.xctest"; sourceTree = BUILT_PRODUCTS_DIR; };
		7F3D379A278DD9AC0060C860 /* Tests_macOS.swift */ = {isa = PBXFileReference; lastKnownFileType = sourcecode.swift; path = Tests_macOS.swift; sourceTree = "<group>"; };
		7F3D379C278DD9AC0060C860 /* Tests_macOSLaunchTests.swift */ = {isa = PBXFileReference; lastKnownFileType = sourcecode.swift; path = Tests_macOSLaunchTests.swift; sourceTree = "<group>"; };
/* End PBXFileReference section */

/* Begin PBXFrameworksBuildPhase section */
		7F3D377A278DD9AC0060C860 /* Frameworks */ = {
			isa = PBXFrameworksBuildPhase;
			buildActionMask = 2147483647;
			files = (
			);
			runOnlyForDeploymentPostprocessing = 0;
		};
		7F3D3780278DD9AC0060C860 /* Frameworks */ = {
			isa = PBXFrameworksBuildPhase;
			buildActionMask = 2147483647;
			files = (
			);
			runOnlyForDeploymentPostprocessing = 0;
		};
		7F3D3787278DD9AC0060C860 /* Frameworks */ = {
			isa = PBXFrameworksBuildPhase;
			buildActionMask = 2147483647;
			files = (
			);
			runOnlyForDeploymentPostprocessing = 0;
		};
		7F3D3793278DD9AC0060C860 /* Frameworks */ = {
			isa = PBXFrameworksBuildPhase;
			buildActionMask = 2147483647;
			files = (
			);
			runOnlyForDeploymentPostprocessing = 0;
		};
/* End PBXFrameworksBuildPhase section */

/* Begin PBXGroup section */
		7F3D3770278DD9AA0060C860 = {
			isa = PBXGroup;
			children = (
				7F3D3775278DD9AB0060C860 /* Shared */,
				7F3D3784278DD9AC0060C860 /* macOS */,
				7F3D378D278DD9AC0060C860 /* Tests iOS */,
				7F3D3799278DD9AC0060C860 /* Tests macOS */,
				7F3D377E278DD9AC0060C860 /* Products */,
			);
			sourceTree = "<group>";
		};
		7F3D3775278DD9AB0060C860 /* Shared */ = {
			isa = PBXGroup;
			children = (
				7F3D3776278DD9AB0060C860 /* Score_KeeperApp.swift */,
				7F3D3777278DD9AB0060C860 /* ContentView.swift */,
				7F3D3778278DD9AC0060C860 /* Assets.xcassets */,
			);
			path = Shared;
			sourceTree = "<group>";
		};
		7F3D377E278DD9AC0060C860 /* Products */ = {
			isa = PBXGroup;
			children = (
				7F3D377D278DD9AC0060C860 /* Score Keeper.app */,
				7F3D3783278DD9AC0060C860 /* Score Keeper.app */,
				7F3D378A278DD9AC0060C860 /* Tests iOS.xctest */,
				7F3D3796278DD9AC0060C860 /* Tests macOS.xctest */,
			);
			name = Products;
			sourceTree = "<group>";
		};
		7F3D3784278DD9AC0060C860 /* macOS */ = {
			isa = PBXGroup;
			children = (
				7F3D3785278DD9AC0060C860 /* macOS.entitlements */,
			);
			path = macOS;
			sourceTree = "<group>";
		};
		7F3D378D278DD9AC0060C860 /* Tests iOS */ = {
			isa = PBXGroup;
			children = (
				7F3D378E278DD9AC0060C860 /* Tests_iOS.swift */,
				7F3D3790278DD9AC0060C860 /* Tests_iOSLaunchTests.swift */,
			);
			path = "Tests iOS";
			sourceTree = "<group>";
		};
		7F3D3799278DD9AC0060C860 /* Tests macOS */ = {
			isa = PBXGroup;
			children = (
				7F3D379A278DD9AC0060C860 /* Tests_macOS.swift */,
				7F3D379C278DD9AC0060C860 /* Tests_macOSLaunchTests.swift */,
			);
			path = "Tests macOS";
			sourceTree = "<group>";
		};
/* End PBXGroup section */

/* Begin PBXNativeTarget section */
		7F3D377C278DD9AC0060C860 /* Score Keeper (iOS) */ = {
			isa = PBXNativeTarget;
			buildConfigurationList = 7F3D37A6278DD9AC0060C860 /* Build configuration list for PBXNativeTarget "Score Keeper (iOS)" */;
			buildPhases = (
				7F3D3779278DD9AC0060C860 /* Sources */,
				7F3D377A278DD9AC0060C860 /* Frameworks */,
				7F3D377B278DD9AC0060C860 /* Resources */,
			);
			buildRules = (
			);
			dependencies = (
			);
			name = "Score Keeper (iOS)";
			productName = "Score Keeper (iOS)";
			productReference = 7F3D377D278DD9AC0060C860 /* Score Keeper.app */;
			productType = "com.apple.product-type.application";
		};
		7F3D3782278DD9AC0060C860 /* Score Keeper (macOS) */ = {
			isa = PBXNativeTarget;
			buildConfigurationList = 7F3D37A9278DD9AC0060C860 /* Build configuration list for PBXNativeTarget "Score Keeper (macOS)" */;
			buildPhases = (
				7F3D377F278DD9AC0060C860 /* Sources */,
				7F3D3780278DD9AC0060C860 /* Frameworks */,
				7F3D3781278DD9AC0060C860 /* Resources */,
			);
			buildRules = (
			);
			dependencies = (
			);
			name = "Score Keeper (macOS)";
			productName = "Score Keeper (macOS)";
			productReference = 7F3D3783278DD9AC0060C860 /* Score Keeper.app */;
			productType = "com.apple.product-type.application";
		};
		7F3D3789278DD9AC0060C860 /* Tests iOS */ = {
			isa = PBXNativeTarget;
			buildConfigurationList = 7F3D37AC278DD9AC0060C860 /* Build configuration list for PBXNativeTarget "Tests iOS" */;
			buildPhases = (
				7F3D3786278DD9AC0060C860 /* Sources */,
				7F3D3787278DD9AC0060C860 /* Frameworks */,
				7F3D3788278DD9AC0060C860 /* Resources */,
			);
			buildRules = (
			);
			dependencies = (
				7F3D378C278DD9AC0060C860 /* PBXTargetDependency */,
			);
			name = "Tests iOS";
			productName = "Tests iOS";
			productReference = 7F3D378A278DD9AC0060C860 /* Tests iOS.xctest */;
			productType = "com.apple.product-type.bundle.ui-testing";
		};
		7F3D3795278DD9AC0060C860 /* Tests macOS */ = {
			isa = PBXNativeTarget;
			buildConfigurationList = 7F3D37AF278DD9AC0060C860 /* Build configuration list for PBXNativeTarget "Tests macOS" */;
			buildPhases = (
				7F3D3792278DD9AC0060C860 /* Sources */,
				7F3D3793278DD9AC0060C860 /* Frameworks */,
				7F3D3794278DD9AC0060C860 /* Resources */,
			);
			buildRules = (
			);
			dependencies = (
				7F3D3798278DD9AC0060C860 /* PBXTargetDependency */,
			);
			name = "Tests macOS";
			productName = "Tests macOS";
			productReference = 7F3D3796278DD9AC0060C860 /* Tests macOS.xctest */;
			productType = "com.apple.product-type.bundle.ui-testing";
		};
/* End PBXNativeTarget section */

/* Begin PBXProject section */
		7F3D3771278DD9AA0060C860 /* Project object */ = {
			isa = PBXProject;
			attributes = {
				BuildIndependentTargetsInParallel = 1;
				LastSwiftUpdateCheck = 1320;
				LastUpgradeCheck = 1320;
				TargetAttributes = {
					7F3D377C278DD9AC0060C860 = {
						CreatedOnToolsVersion = 13.2.1;
					};
					7F3D3782278DD9AC0060C860 = {
						CreatedOnToolsVersion = 13.2.1;
					};
					7F3D3789278DD9AC0060C860 = {
						CreatedOnToolsVersion = 13.2.1;
						TestTargetID = 7F3D377C278DD9AC0060C860;
					};
					7F3D3795278DD9AC0060C860 = {
						CreatedOnToolsVersion = 13.2.1;
						TestTargetID = 7F3D3782278DD9AC0060C860;
					};
				};
			};
			buildConfigurationList = 7F3D3774278DD9AA0060C860 /* Build configuration list for PBXProject "Score Keeper" */;
			compatibilityVersion = "Xcode 13.0";
			developmentRegion = en;
			hasScannedForEncodings = 0;
			knownRegions = (
				en,
				Base,
			);
			mainGroup = 7F3D3770278DD9AA0060C860;
			productRefGroup = 7F3D377E278DD9AC0060C860 /* Products */;
			projectDirPath = "";
			projectRoot = "";
			targets = (
				7F3D377C278DD9AC0060C860 /* Score Keeper (iOS) */,
				7F3D3782278DD9AC0060C860 /* Score Keeper (macOS) */,
				7F3D3789278DD9AC0060C860 /* Tests iOS */,
				7F3D3795278DD9AC0060C860 /* Tests macOS */,
			);
		};
/* End PBXProject section */

/* Begin PBXResourcesBuildPhase section */
		7F3D377B278DD9AC0060C860 /* Resources */ = {
			isa = PBXResourcesBuildPhase;
			buildActionMask = 2147483647;
			files = (
				7F3D37A2278DD9AC0060C860 /* Assets.xcassets in Resources */,
			);
			runOnlyForDeploymentPostprocessing = 0;
		};
		7F3D3781278DD9AC0060C860 /* Resources */ = {
			isa = PBXResourcesBuildPhase;
			buildActionMask = 2147483647;
			files = (
				7F3D37A3278DD9AC0060C860 /* Assets.xcassets in Resources */,
			);
			runOnlyForDeploymentPostprocessing = 0;
		};
		7F3D3788278DD9AC0060C860 /* Resources */ = {
			isa = PBXResourcesBuildPhase;
			buildActionMask = 2147483647;
			files = (
			);
			runOnlyForDeploymentPostprocessing = 0;
		};
		7F3D3794278DD9AC0060C860 /* Resources */ = {
			isa = PBXResourcesBuildPhase;
			buildActionMask = 2147483647;
			files = (
			);
			runOnlyForDeploymentPostprocessing = 0;
		};
/* End PBXResourcesBuildPhase section */

/* Begin PBXSourcesBuildPhase section */
		7F3D3779278DD9AC0060C860 /* Sources */ = {
			isa = PBXSourcesBuildPhase;
			buildActionMask = 2147483647;
			files = (
				7F3D37A0278DD9AC0060C860 /* ContentView.swift in Sources */,
				7F3D379E278DD9AC0060C860 /* Score_KeeperApp.swift in Sources */,
			);
			runOnlyForDeploymentPostprocessing = 0;
		};
		7F3D377F278DD9AC0060C860 /* Sources */ = {
			isa = PBXSourcesBuildPhase;
			buildActionMask = 2147483647;
			files = (
				7F3D37A1278DD9AC0060C860 /* ContentView.swift in Sources */,
				7F3D379F278DD9AC0060C860 /* Score_KeeperApp.swift in Sources */,
			);
			runOnlyForDeploymentPostprocessing = 0;
		};
		7F3D3786278DD9AC0060C860 /* Sources */ = {
			isa = PBXSourcesBuildPhase;
			buildActionMask = 2147483647;
			files = (
				7F3D3791278DD9AC0060C860 /* Tests_iOSLaunchTests.swift in Sources */,
				7F3D378F278DD9AC0060C860 /* Tests_iOS.swift in Sources */,
			);
			runOnlyForDeploymentPostprocessing = 0;
		};
		7F3D3792278DD9AC0060C860 /* Sources */ = {
			isa = PBXSourcesBuildPhase;
			buildActionMask = 2147483647;
			files = (
				7F3D379D278DD9AC0060C860 /* Tests_macOSLaunchTests.swift in Sources */,
				7F3D379B278DD9AC0060C860 /* Tests_macOS.swift in Sources */,
			);
			runOnlyForDeploymentPostprocessing = 0;
		};
/* End PBXSourcesBuildPhase section */

/* Begin PBXTargetDependency section */
		7F3D378C278DD9AC0060C860 /* PBXTargetDependency */ = {
			isa = PBXTargetDependency;
			target = 7F3D377C278DD9AC0060C860 /* Score Keeper (iOS) */;
			targetProxy = 7F3D378B278DD9AC0060C860 /* PBXContainerItemProxy */;
		};
		7F3D3798278DD9AC0060C860 /* PBXTargetDependency */ = {
			isa = PBXTargetDependency;
			target = 7F3D3782278DD9AC0060C860 /* Score Keeper (macOS) */;
			targetProxy = 7F3D3797278DD9AC0060C860 /* PBXContainerItemProxy */;
		};
/* End PBXTargetDependency section */

/* Begin XCBuildConfiguration section */
		7F3D37A4278DD9AC0060C860 /* Debug */ = {
			isa = XCBuildConfiguration;
			buildSettings = {
				ALWAYS_SEARCH_USER_PATHS = NO;
				CLANG_ANALYZER_NONNULL = YES;
				CLANG_ANALYZER_NUMBER_OBJECT_CONVERSION = YES_AGGRESSIVE;
				CLANG_CXX_LANGUAGE_STANDARD = "gnu++17";
				CLANG_CXX_LIBRARY = "libc++";
				CLANG_ENABLE_MODULES = YES;
				CLANG_ENABLE_OBJC_ARC = YES;
				CLANG_ENABLE_OBJC_WEAK = YES;
				CLANG_WARN_BLOCK_CAPTURE_AUTORELEASING = YES;
				CLANG_WARN_BOOL_CONVERSION = YES;
				CLANG_WARN_COMMA = YES;
				CLANG_WARN_CONSTANT_CONVERSION = YES;
				CLANG_WARN_DEPRECATED_OBJC_IMPLEMENTATIONS = YES;
				CLANG_WARN_DIRECT_OBJC_ISA_USAGE = YES_ERROR;
				CLANG_WARN_DOCUMENTATION_COMMENTS = YES;
				CLANG_WARN_EMPTY_BODY = YES;
				CLANG_WARN_ENUM_CONVERSION = YES;
				CLANG_WARN_INFINITE_RECURSION = YES;
				CLANG_WARN_INT_CONVERSION = YES;
				CLANG_WARN_NON_LITERAL_NULL_CONVERSION = YES;
				CLANG_WARN_OBJC_IMPLICIT_RETAIN_SELF = YES;
				CLANG_WARN_OBJC_LITERAL_CONVERSION = YES;
				CLANG_WARN_OBJC_ROOT_CLASS = YES_ERROR;
				CLANG_WARN_QUOTED_INCLUDE_IN_FRAMEWORK_HEADER = YES;
				CLANG_WARN_RANGE_LOOP_ANALYSIS = YES;
				CLANG_WARN_STRICT_PROTOTYPES = YES;
				CLANG_WARN_SUSPICIOUS_MOVE = YES;
				CLANG_WARN_UNGUARDED_AVAILABILITY = YES_AGGRESSIVE;
				CLANG_WARN_UNREACHABLE_CODE = YES;
				CLANG_WARN__DUPLICATE_METHOD_MATCH = YES;
				COPY_PHASE_STRIP = NO;
				DEBUG_INFORMATION_FORMAT = dwarf;
				ENABLE_STRICT_OBJC_MSGSEND = YES;
				ENABLE_TESTABILITY = YES;
				GCC_C_LANGUAGE_STANDARD = gnu11;
				GCC_DYNAMIC_NO_PIC = NO;
				GCC_NO_COMMON_BLOCKS = YES;
				GCC_OPTIMIZATION_LEVEL = 0;
				GCC_PREPROCESSOR_DEFINITIONS = (
					"DEBUG=1",
					"$(inherited)",
				);
				GCC_WARN_64_TO_32_BIT_CONVERSION = YES;
				GCC_WARN_ABOUT_RETURN_TYPE = YES_ERROR;
				GCC_WARN_UNDECLARED_SELECTOR = YES;
				GCC_WARN_UNINITIALIZED_AUTOS = YES_AGGRESSIVE;
				GCC_WARN_UNUSED_FUNCTION = YES;
				GCC_WARN_UNUSED_VARIABLE = YES;
				MTL_ENABLE_DEBUG_INFO = INCLUDE_SOURCE;
				MTL_FAST_MATH = YES;
				ONLY_ACTIVE_ARCH = YES;
				SWIFT_ACTIVE_COMPILATION_CONDITIONS = DEBUG;
				SWIFT_OPTIMIZATION_LEVEL = "-Onone";
			};
			name = Debug;
		};
		7F3D37A5278DD9AC0060C860 /* Release */ = {
			isa = XCBuildConfiguration;
			buildSettings = {
				ALWAYS_SEARCH_USER_PATHS = NO;
				CLANG_ANALYZER_NONNULL = YES;
				CLANG_ANALYZER_NUMBER_OBJECT_CONVERSION = YES_AGGRESSIVE;
				CLANG_CXX_LANGUAGE_STANDARD = "gnu++17";
				CLANG_CXX_LIBRARY = "libc++";
				CLANG_ENABLE_MODULES = YES;
				CLANG_ENABLE_OBJC_ARC = YES;
				CLANG_ENABLE_OBJC_WEAK = YES;
				CLANG_WARN_BLOCK_CAPTURE_AUTORELEASING = YES;
				CLANG_WARN_BOOL_CONVERSION = YES;
				CLANG_WARN_COMMA = YES;
				CLANG_WARN_CONSTANT_CONVERSION = YES;
				CLANG_WARN_DEPRECATED_OBJC_IMPLEMENTATIONS = YES;
				CLANG_WARN_DIRECT_OBJC_ISA_USAGE = YES_ERROR;
				CLANG_WARN_DOCUMENTATION_COMMENTS = YES;
				CLANG_WARN_EMPTY_BODY = YES;
				CLANG_WARN_ENUM_CONVERSION = YES;
				CLANG_WARN_INFINITE_RECURSION = YES;
				CLANG_WARN_INT_CONVERSION = YES;
				CLANG_WARN_NON_LITERAL_NULL_CONVERSION = YES;
				CLANG_WARN_OBJC_IMPLICIT_RETAIN_SELF = YES;
				CLANG_WARN_OBJC_LITERAL_CONVERSION = YES;
				CLANG_WARN_OBJC_ROOT_CLASS = YES_ERROR;
				CLANG_WARN_QUOTED_INCLUDE_IN_FRAMEWORK_HEADER = YES;
				CLANG_WARN_RANGE_LOOP_ANALYSIS = YES;
				CLANG_WARN_STRICT_PROTOTYPES = YES;
				CLANG_WARN_SUSPICIOUS_MOVE = YES;
				CLANG_WARN_UNGUARDED_AVAILABILITY = YES_AGGRESSIVE;
				CLANG_WARN_UNREACHABLE_CODE = YES;
				CLANG_WARN__DUPLICATE_METHOD_MATCH = YES;
				COPY_PHASE_STRIP = NO;
				DEBUG_INFORMATION_FORMAT = "dwarf-with-dsym";
				ENABLE_NS_ASSERTIONS = NO;
				ENABLE_STRICT_OBJC_MSGSEND = YES;
				GCC_C_LANGUAGE_STANDARD = gnu11;
				GCC_NO_COMMON_BLOCKS = YES;
				GCC_WARN_64_TO_32_BIT_CONVERSION = YES;
				GCC_WARN_ABOUT_RETURN_TYPE = YES_ERROR;
				GCC_WARN_UNDECLARED_SELECTOR = YES;
				GCC_WARN_UNINITIALIZED_AUTOS = YES_AGGRESSIVE;
				GCC_WARN_UNUSED_FUNCTION = YES;
				GCC_WARN_UNUSED_VARIABLE = YES;
				MTL_ENABLE_DEBUG_INFO = NO;
				MTL_FAST_MATH = YES;
				SWIFT_COMPILATION_MODE = wholemodule;
				SWIFT_OPTIMIZATION_LEVEL = "-O";
			};
			name = Release;
		};
		7F3D37A7278DD9AC0060C860 /* Debug */ = {
			isa = XCBuildConfiguration;
			buildSettings = {
				ASSETCATALOG_COMPILER_APPICON_NAME = AppIcon;
				ASSETCATALOG_COMPILER_GLOBAL_ACCENT_COLOR_NAME = AccentColor;
				CODE_SIGN_STYLE = Automatic;
				CURRENT_PROJECT_VERSION = 1;
				DEVELOPMENT_TEAM = H8VFA92SLL;
				ENABLE_PREVIEWS = YES;
				GENERATE_INFOPLIST_FILE = YES;
				INFOPLIST_KEY_UIApplicationSceneManifest_Generation = YES;
				INFOPLIST_KEY_UIApplicationSupportsIndirectInputEvents = YES;
				INFOPLIST_KEY_UILaunchScreen_Generation = YES;
				INFOPLIST_KEY_UISupportedInterfaceOrientations_iPad = "UIInterfaceOrientationPortrait UIInterfaceOrientationPortraitUpsideDown UIInterfaceOrientationLandscapeLeft UIInterfaceOrientationLandscapeRight";
				INFOPLIST_KEY_UISupportedInterfaceOrientations_iPhone = "UIInterfaceOrientationPortrait UIInterfaceOrientationLandscapeLeft UIInterfaceOrientationLandscapeRight";
				IPHONEOS_DEPLOYMENT_TARGET = 15.2;
				LD_RUNPATH_SEARCH_PATHS = (
					"$(inherited)",
					"@executable_path/Frameworks",
				);
				MARKETING_VERSION = 1.0;
				PRODUCT_BUNDLE_IDENTIFIER = "io.scorekeeper.Score-Keeper";
				PRODUCT_NAME = "Score Keeper";
				SDKROOT = iphoneos;
				SWIFT_EMIT_LOC_STRINGS = YES;
				SWIFT_VERSION = 5.0;
				TARGETED_DEVICE_FAMILY = "1,2";
			};
			name = Debug;
		};
		7F3D37A8278DD9AC0060C860 /* Release */ = {
			isa = XCBuildConfiguration;
			buildSettings = {
				ASSETCATALOG_COMPILER_APPICON_NAME = AppIcon;
				ASSETCATALOG_COMPILER_GLOBAL_ACCENT_COLOR_NAME = AccentColor;
				CODE_SIGN_STYLE = Automatic;
				CURRENT_PROJECT_VERSION = 1;
				DEVELOPMENT_TEAM = H8VFA92SLL;
				ENABLE_PREVIEWS = YES;
				GENERATE_INFOPLIST_FILE = YES;
				INFOPLIST_KEY_UIApplicationSceneManifest_Generation = YES;
				INFOPLIST_KEY_UIApplicationSupportsIndirectInputEvents = YES;
				INFOPLIST_KEY_UILaunchScreen_Generation = YES;
				INFOPLIST_KEY_UISupportedInterfaceOrientations_iPad = "UIInterfaceOrientationPortrait UIInterfaceOrientationPortraitUpsideDown UIInterfaceOrientationLandscapeLeft UIInterfaceOrientationLandscapeRight";
				INFOPLIST_KEY_UISupportedInterfaceOrientations_iPhone = "UIInterfaceOrientationPortrait UIInterfaceOrientationLandscapeLeft UIInterfaceOrientationLandscapeRight";
				IPHONEOS_DEPLOYMENT_TARGET = 15.2;
				LD_RUNPATH_SEARCH_PATHS = (
					"$(inherited)",
					"@executable_path/Frameworks",
				);
				MARKETING_VERSION = 1.0;
				PRODUCT_BUNDLE_IDENTIFIER = "io.scorekeeper.Score-Keeper";
				PRODUCT_NAME = "Score Keeper";
				SDKROOT = iphoneos;
				SWIFT_EMIT_LOC_STRINGS = YES;
				SWIFT_VERSION = 5.0;
				TARGETED_DEVICE_FAMILY = "1,2";
				VALIDATE_PRODUCT = YES;
			};
			name = Release;
		};
		7F3D37AA278DD9AC0060C860 /* Debug */ = {
			isa = XCBuildConfiguration;
			buildSettings = {
				ASSETCATALOG_COMPILER_APPICON_NAME = AppIcon;
				ASSETCATALOG_COMPILER_GLOBAL_ACCENT_COLOR_NAME = AccentColor;
				CODE_SIGN_ENTITLEMENTS = macOS/macOS.entitlements;
				CODE_SIGN_STYLE = Automatic;
				COMBINE_HIDPI_IMAGES = YES;
				CURRENT_PROJECT_VERSION = 1;
				DEVELOPMENT_TEAM = H8VFA92SLL;
				ENABLE_HARDENED_RUNTIME = YES;
				ENABLE_PREVIEWS = YES;
				GENERATE_INFOPLIST_FILE = YES;
				INFOPLIST_KEY_NSHumanReadableCopyright = "";
				LD_RUNPATH_SEARCH_PATHS = (
					"$(inherited)",
					"@executable_path/../Frameworks",
				);
				MACOSX_DEPLOYMENT_TARGET = 12.1;
				MARKETING_VERSION = 1.0;
				PRODUCT_BUNDLE_IDENTIFIER = "io.scorekeeper.Score-Keeper";
				PRODUCT_NAME = "Score Keeper";
				SDKROOT = macosx;
				SWIFT_EMIT_LOC_STRINGS = YES;
				SWIFT_VERSION = 5.0;
			};
			name = Debug;
		};
		7F3D37AB278DD9AC0060C860 /* Release */ = {
			isa = XCBuildConfiguration;
			buildSettings = {
				ASSETCATALOG_COMPILER_APPICON_NAME = AppIcon;
				ASSETCATALOG_COMPILER_GLOBAL_ACCENT_COLOR_NAME = AccentColor;
				CODE_SIGN_ENTITLEMENTS = macOS/macOS.entitlements;
				CODE_SIGN_STYLE = Automatic;
				COMBINE_HIDPI_IMAGES = YES;
				CURRENT_PROJECT_VERSION = 1;
				DEVELOPMENT_TEAM = H8VFA92SLL;
				ENABLE_HARDENED_RUNTIME = YES;
				ENABLE_PREVIEWS = YES;
				GENERATE_INFOPLIST_FILE = YES;
				INFOPLIST_KEY_NSHumanReadableCopyright = "";
				LD_RUNPATH_SEARCH_PATHS = (
					"$(inherited)",
					"@executable_path/../Frameworks",
				);
				MACOSX_DEPLOYMENT_TARGET = 12.1;
				MARKETING_VERSION = 1.0;
				PRODUCT_BUNDLE_IDENTIFIER = "io.scorekeeper.Score-Keeper";
				PRODUCT_NAME = "Score Keeper";
				SDKROOT = macosx;
				SWIFT_EMIT_LOC_STRINGS = YES;
				SWIFT_VERSION = 5.0;
			};
			name = Release;
		};
		7F3D37AD278DD9AC0060C860 /* Debug */ = {
			isa = XCBuildConfiguration;
			buildSettings = {
				ALWAYS_EMBED_SWIFT_STANDARD_LIBRARIES = YES;
				CODE_SIGN_STYLE = Automatic;
				CURRENT_PROJECT_VERSION = 1;
				DEVELOPMENT_TEAM = H8VFA92SLL;
				GENERATE_INFOPLIST_FILE = YES;
				IPHONEOS_DEPLOYMENT_TARGET = 15.2;
				MARKETING_VERSION = 1.0;
				PRODUCT_BUNDLE_IDENTIFIER = "io.scorekeeper.Tests-iOS";
				PRODUCT_NAME = "$(TARGET_NAME)";
				SDKROOT = iphoneos;
				SWIFT_EMIT_LOC_STRINGS = NO;
				SWIFT_VERSION = 5.0;
				TARGETED_DEVICE_FAMILY = "1,2";
				TEST_TARGET_NAME = "Score Keeper (iOS)";
			};
			name = Debug;
		};
		7F3D37AE278DD9AC0060C860 /* Release */ = {
			isa = XCBuildConfiguration;
			buildSettings = {
				ALWAYS_EMBED_SWIFT_STANDARD_LIBRARIES = YES;
				CODE_SIGN_STYLE = Automatic;
				CURRENT_PROJECT_VERSION = 1;
				DEVELOPMENT_TEAM = H8VFA92SLL;
				GENERATE_INFOPLIST_FILE = YES;
				IPHONEOS_DEPLOYMENT_TARGET = 15.2;
				MARKETING_VERSION = 1.0;
				PRODUCT_BUNDLE_IDENTIFIER = "io.scorekeeper.Tests-iOS";
				PRODUCT_NAME = "$(TARGET_NAME)";
				SDKROOT = iphoneos;
				SWIFT_EMIT_LOC_STRINGS = NO;
				SWIFT_VERSION = 5.0;
				TARGETED_DEVICE_FAMILY = "1,2";
				TEST_TARGET_NAME = "Score Keeper (iOS)";
				VALIDATE_PRODUCT = YES;
			};
			name = Release;
		};
		7F3D37B0278DD9AC0060C860 /* Debug */ = {
			isa = XCBuildConfiguration;
			buildSettings = {
				ALWAYS_EMBED_SWIFT_STANDARD_LIBRARIES = YES;
				CODE_SIGN_STYLE = Automatic;
				CURRENT_PROJECT_VERSION = 1;
				DEVELOPMENT_TEAM = H8VFA92SLL;
				GENERATE_INFOPLIST_FILE = YES;
				MACOSX_DEPLOYMENT_TARGET = 12.1;
				MARKETING_VERSION = 1.0;
				PRODUCT_BUNDLE_IDENTIFIER = "io.scorekeeper.Tests-macOS";
				PRODUCT_NAME = "$(TARGET_NAME)";
				SDKROOT = macosx;
				SWIFT_EMIT_LOC_STRINGS = NO;
				SWIFT_VERSION = 5.0;
				TEST_TARGET_NAME = "Score Keeper (macOS)";
			};
			name = Debug;
		};
		7F3D37B1278DD9AC0060C860 /* Release */ = {
			isa = XCBuildConfiguration;
			buildSettings = {
				ALWAYS_EMBED_SWIFT_STANDARD_LIBRARIES = YES;
				CODE_SIGN_STYLE = Automatic;
				CURRENT_PROJECT_VERSION = 1;
				DEVELOPMENT_TEAM = H8VFA92SLL;
				GENERATE_INFOPLIST_FILE = YES;
				MACOSX_DEPLOYMENT_TARGET = 12.1;
				MARKETING_VERSION = 1.0;
				PRODUCT_BUNDLE_IDENTIFIER = "io.scorekeeper.Tests-macOS";
				PRODUCT_NAME = "$(TARGET_NAME)";
				SDKROOT = macosx;
				SWIFT_EMIT_LOC_STRINGS = NO;
				SWIFT_VERSION = 5.0;
				TEST_TARGET_NAME = "Score Keeper (macOS)";
			};
			name = Release;
		};
/* End XCBuildConfiguration section */

/* Begin XCConfigurationList section */
		7F3D3774278DD9AA0060C860 /* Build configuration list for PBXProject "Score Keeper" */ = {
			isa = XCConfigurationList;
			buildConfigurations = (
				7F3D37A4278DD9AC0060C860 /* Debug */,
				7F3D37A5278DD9AC0060C860 /* Release */,
			);
			defaultConfigurationIsVisible = 0;
			defaultConfigurationName = Release;
		};
		7F3D37A6278DD9AC0060C860 /* Build configuration list for PBXNativeTarget "Score Keeper (iOS)" */ = {
			isa = XCConfigurationList;
			buildConfigurations = (
				7F3D37A7278DD9AC0060C860 /* Debug */,
				7F3D37A8278DD9AC0060C860 /* Release */,
			);
			defaultConfigurationIsVisible = 0;
			defaultConfigurationName = Release;
		};
		7F3D37A9278DD9AC0060C860 /* Build configuration list for PBXNativeTarget "Score Keeper (macOS)" */ = {
			isa = XCConfigurationList;
			buildConfigurations = (
				7F3D37AA278DD9AC0060C860 /* Debug */,
				7F3D37AB278DD9AC0060C860 /* Release */,
			);
			defaultConfigurationIsVisible = 0;
			defaultConfigurationName = Release;
		};
		7F3D37AC278DD9AC0060C860 /* Build configuration list for PBXNativeTarget "Tests iOS" */ = {
			isa = XCConfigurationList;
			buildConfigurations = (
				7F3D37AD278DD9AC0060C860 /* Debug */,
				7F3D37AE278DD9AC0060C860 /* Release */,
			);
			defaultConfigurationIsVisible = 0;
			defaultConfigurationName = Release;
		};
		7F3D37AF278DD9AC0060C860 /* Build configuration list for PBXNativeTarget "Tests macOS" */ = {
			isa = XCConfigurationList;
			buildConfigurations = (
				7F3D37B0278DD9AC0060C860 /* Debug */,
				7F3D37B1278DD9AC0060C860 /* Release */,
			);
			defaultConfigurationIsVisible = 0;
			defaultConfigurationName = Release;
		};
/* End XCConfigurationList section */
	};
	rootObject = 7F3D3771278DD9AA0060C860 /* Project object */;
}
